{
  "lockfile_version": "1",
  "packages": {
    "colima@0.8.0": {
      "last_modified": "2024-12-13T21:43:23Z",
      "resolved": "github:NixOS/nixpkgs/71a6392e367b08525ee710a93af2e80083b5b3e2#colima",
      "source": "devbox-search",
      "version": "0.8.0",
      "systems": {
        "aarch64-darwin": {
          "outputs": [
            {
              "name": "out",
              "path": "/nix/store/44fyspqyxrl6mj7m0sp3w9ppnank52f2-colima-0.8.0",
              "default": true
            }
          ],
          "store_path": "/nix/store/44fyspqyxrl6mj7m0sp3w9ppnank52f2-colima-0.8.0"
        },
        "aarch64-linux": {
          "outputs": [
            {
              "name": "out",
              "path": "/nix/store/84hx0xypx6wy8yimrkiw8d149fjmj7lb-colima-0.8.0",
              "default": true
            }
          ],
          "store_path": "/nix/store/84hx0xypx6wy8yimrkiw8d149fjmj7lb-colima-0.8.0"
        },
        "x86_64-darwin": {
          "outputs": [
            {
              "name": "out",
              "path": "/nix/store/5xxrflffwpf6rlk9yrskhmm7idifk2gf-colima-0.8.0",
              "default": true
            }
          ],
          "store_path": "/nix/store/5xxrflffwpf6rlk9yrskhmm7idifk2gf-colima-0.8.0"
        },
        "x86_64-linux": {
          "outputs": [
            {
              "name": "out",
              "path": "/nix/store/78ynzf2hfaffsf2wvn4bzj6b4cdnp1v4-colima-0.8.0",
              "default": true
            }
          ],
          "store_path": "/nix/store/78ynzf2hfaffsf2wvn4bzj6b4cdnp1v4-colima-0.8.0"
        }
      }
    },
    "darwin.apple_sdk.frameworks.CoreFoundation": {
      "resolved": "github:NixOS/nixpkgs/75a52265bda7fd25e06e3a67dee3f0354e73243c#darwin.apple_sdk.frameworks.CoreFoundation",
      "source": "nixpkg",
      "systems": {
        "aarch64-darwin": {
          "outputs": [
            {
              "path": "/nix/store/730jjv9fhvvalsb18csa8w7qiqzlwybc-apple-framework-CoreFoundation-11.0.0",
              "default": true
            }
          ]
        }
      }
    },
    "darwin.apple_sdk.frameworks.Security": {
      "resolved": "github:NixOS/nixpkgs/75a52265bda7fd25e06e3a67dee3f0354e73243c#darwin.apple_sdk.frameworks.Security",
      "source": "nixpkg",
      "systems": {
        "aarch64-darwin": {
          "outputs": [
            {
              "path": "/nix/store/9jbhn62ld50znjqxll0q5gq9i4disc1s-apple-framework-Security-11.0.0",
              "default": true
            }
          ]
        }
      }
    },
    "docker@latest": {
      "last_modified": "2024-11-28T07:51:56Z",
      "resolved": "github:NixOS/nixpkgs/226216574ada4c3ecefcbbec41f39ce4655f78ef#docker",
      "source": "devbox-search",
      "version": "27.3.1",
      "systems": {
        "aarch64-darwin": {
          "outputs": [
            {
              "name": "out",
              "path": "/nix/store/v69vm56w9v74ncyz5lccvmb8cvpsmq6p-docker-27.3.1",
              "default": true
            }
          ],
          "store_path": "/nix/store/v69vm56w9v74ncyz5lccvmb8cvpsmq6p-docker-27.3.1"
        },
        "aarch64-linux": {
          "outputs": [
            {
              "name": "out",
              "path": "/nix/store/k8w5v5gn0h9h9w35996g19kz1f5hx8s2-docker-27.3.1",
              "default": true
            }
          ],
          "store_path": "/nix/store/k8w5v5gn0h9h9w35996g19kz1f5hx8s2-docker-27.3.1"
        },
        "x86_64-darwin": {
          "outputs": [
            {
              "name": "out",
              "path": "/nix/store/fn3prnmm4nnpw03z4lqilhqj9grdxvm7-docker-27.3.1",
              "default": true
            }
          ],
          "store_path": "/nix/store/fn3prnmm4nnpw03z4lqilhqj9grdxvm7-docker-27.3.1"
        },
        "x86_64-linux": {
          "outputs": [
            {
              "name": "out",
              "path": "/nix/store/cx0838x27xfdszixcq8ffcsz1l2q2h43-docker-27.3.1",
              "default": true
            }
          ],
          "store_path": "/nix/store/cx0838x27xfdszixcq8ffcsz1l2q2h43-docker-27.3.1"
        }
      }
    },
    "go-task@latest": {
      "last_modified": "2024-12-11T16:51:25Z",
      "resolved": "github:NixOS/nixpkgs/5a48e3c2e435e95103d56590188cfed7b70e108c#go-task",
      "source": "devbox-search",
      "version": "3.40.1",
      "systems": {
        "aarch64-darwin": {
          "outputs": [
            {
              "name": "out",
              "path": "/nix/store/ymxlzx52b91kag9spjzkg14win3qv7cz-go-task-3.40.1",
              "default": true
            }
          ],
          "store_path": "/nix/store/ymxlzx52b91kag9spjzkg14win3qv7cz-go-task-3.40.1"
        },
        "aarch64-linux": {
          "outputs": [
            {
              "name": "out",
              "path": "/nix/store/wvh907br8rl1w4blkx6clxgh1kwbahl6-go-task-3.40.1",
              "default": true
            }
          ],
          "store_path": "/nix/store/wvh907br8rl1w4blkx6clxgh1kwbahl6-go-task-3.40.1"
        },
        "x86_64-darwin": {
          "outputs": [
            {
              "name": "out",
              "path": "/nix/store/3cdlrnlspqhzsa9qyhl8wdxwcdgm4z79-go-task-3.40.1",
              "default": true
            }
          ],
          "store_path": "/nix/store/3cdlrnlspqhzsa9qyhl8wdxwcdgm4z79-go-task-3.40.1"
        },
        "x86_64-linux": {
          "outputs": [
            {
              "name": "out",
              "path": "/nix/store/2476b47w2v3kil9pxskjcfay8ag8d1x8-go-task-3.40.1",
              "default": true
            }
          ],
          "store_path": "/nix/store/2476b47w2v3kil9pxskjcfay8ag8d1x8-go-task-3.40.1"
        }
      }
    },
    "go@1.23.3": {
      "last_modified": "2024-11-28T07:51:56Z",
      "resolved": "github:NixOS/nixpkgs/226216574ada4c3ecefcbbec41f39ce4655f78ef#go",
      "source": "devbox-search",
      "version": "1.23.3",
      "systems": {
        "aarch64-darwin": {
          "outputs": [
            {
              "name": "out",
              "path": "/nix/store/qrj2wp6vzfpjfrrlcmr22818zg83fb73-go-1.23.3",
              "default": true
            }
          ],
          "store_path": "/nix/store/qrj2wp6vzfpjfrrlcmr22818zg83fb73-go-1.23.3"
        },
        "aarch64-linux": {
          "outputs": [
            {
              "name": "out",
              "path": "/nix/store/dm66qyl19skrwcmk4rb9xcs64xc1d071-go-1.23.3",
              "default": true
            }
          ],
          "store_path": "/nix/store/dm66qyl19skrwcmk4rb9xcs64xc1d071-go-1.23.3"
        },
        "x86_64-darwin": {
          "outputs": [
            {
              "name": "out",
              "path": "/nix/store/alkrwr7w62qp3160q0azcvnyn0184hw3-go-1.23.3",
              "default": true
            }
          ],
          "store_path": "/nix/store/alkrwr7w62qp3160q0azcvnyn0184hw3-go-1.23.3"
        },
        "x86_64-linux": {
          "outputs": [
            {
              "name": "out",
              "path": "/nix/store/bavnchxi7v6xs077jxv7fl5rrqc3y87w-go-1.23.3",
              "default": true
            }
          ],
          "store_path": "/nix/store/bavnchxi7v6xs077jxv7fl5rrqc3y87w-go-1.23.3"
        }
      }
    },
    "gofumpt@latest": {
      "last_modified": "2024-12-03T12:40:06Z",
      "resolved": "github:NixOS/nixpkgs/566e53c2ad750c84f6d31f9ccb9d00f823165550#gofumpt",
      "source": "devbox-search",
      "version": "0.7.0",
      "systems": {
        "aarch64-darwin": {
          "outputs": [
            {
              "name": "out",
              "path": "/nix/store/av1ndkdbzkpkf5yla9akwv5jr4c1afkx-gofumpt-0.7.0",
              "default": true
            }
          ],
          "store_path": "/nix/store/av1ndkdbzkpkf5yla9akwv5jr4c1afkx-gofumpt-0.7.0"
        },
        "aarch64-linux": {
          "outputs": [
            {
              "name": "out",
              "path": "/nix/store/2q8pb1gq26r7ajgp8z636qfn75hfqqxv-gofumpt-0.7.0",
              "default": true
            }
          ],
          "store_path": "/nix/store/2q8pb1gq26r7ajgp8z636qfn75hfqqxv-gofumpt-0.7.0"
        },
        "x86_64-darwin": {
          "outputs": [
            {
              "name": "out",
              "path": "/nix/store/dn8g16y7drgbfy8ifwwjm0d3mqsmkam1-gofumpt-0.7.0",
              "default": true
            }
          ],
          "store_path": "/nix/store/dn8g16y7drgbfy8ifwwjm0d3mqsmkam1-gofumpt-0.7.0"
        },
        "x86_64-linux": {
          "outputs": [
            {
              "name": "out",
              "path": "/nix/store/pc2yyx3jfzmzqiwr705dbgi7dgj1xzdn-gofumpt-0.7.0",
              "default": true
            }
          ],
          "store_path": "/nix/store/pc2yyx3jfzmzqiwr705dbgi7dgj1xzdn-gofumpt-0.7.0"
        }
      }
    },
    "goimports@latest": {
      "last_modified": "2022-02-15T04:21:50Z",
      "resolved": "github:NixOS/nixpkgs/3a641defd170a4ef25ce8c7c64cb13f91f867fca#goimports",
      "source": "devbox-search",
      "version": "2021-01-13",
      "systems": {
        "aarch64-darwin": {
          "outputs": [
            {
              "name": "01-13",
              "path": "/nix/store/r1l1agwdg7l8ag9lmymcw1q5a4pak3vq-gotools-unstable-2021-01-13",
              "default": true
            }
          ]
        }
      }
    },
    "golangci-lint@1.62.2": {
      "last_modified": "2024-11-28T07:51:56Z",
      "resolved": "github:NixOS/nixpkgs/226216574ada4c3ecefcbbec41f39ce4655f78ef#golangci-lint",
      "source": "devbox-search",
      "version": "1.62.2",
      "systems": {
        "aarch64-darwin": {
          "outputs": [
            {
              "name": "out",
              "path": "/nix/store/yp07jnqgrbnvdibqz1m2i1fgj30vhd2b-golangci-lint-1.62.2",
              "default": true
            }
          ],
          "store_path": "/nix/store/yp07jnqgrbnvdibqz1m2i1fgj30vhd2b-golangci-lint-1.62.2"
        },
        "aarch64-linux": {
          "outputs": [
            {
              "name": "out",
              "path": "/nix/store/yhbwyqm5j5f4vkn24gn1vrawrr3s5psa-golangci-lint-1.62.2",
              "default": true
            }
          ],
          "store_path": "/nix/store/yhbwyqm5j5f4vkn24gn1vrawrr3s5psa-golangci-lint-1.62.2"
        },
        "x86_64-darwin": {
          "outputs": [
            {
              "name": "out",
              "path": "/nix/store/jprm9rxb82f25jh0vgyvzi6s9aw34dys-golangci-lint-1.62.2",
              "default": true
            }
          ],
          "store_path": "/nix/store/jprm9rxb82f25jh0vgyvzi6s9aw34dys-golangci-lint-1.62.2"
        },
        "x86_64-linux": {
          "outputs": [
            {
              "name": "out",
              "path": "/nix/store/gr55w2x6wrzdvhhbzm4wc28cs4k7g7vr-golangci-lint-1.62.2",
              "default": true
            }
          ],
          "store_path": "/nix/store/gr55w2x6wrzdvhhbzm4wc28cs4k7g7vr-golangci-lint-1.62.2"
        }
      }
    },
    "goreleaser@2.4.8": {
      "last_modified": "2024-12-08T19:40:50Z",
      "resolved": "github:NixOS/nixpkgs/dd51f52372a20a93c219e8216fe528a648ffcbf4#goreleaser",
      "source": "devbox-search",
      "version": "2.4.8",
      "systems": {
        "aarch64-darwin": {
          "outputs": [
            {
              "name": "out",
              "path": "/nix/store/yppvz56frigcfcb3my75bsh5ld9vq4yv-goreleaser-2.4.8",
              "default": true
            }
          ],
          "store_path": "/nix/store/yppvz56frigcfcb3my75bsh5ld9vq4yv-goreleaser-2.4.8"
        },
        "aarch64-linux": {
          "outputs": [
            {
              "name": "out",
              "path": "/nix/store/vy4pvf9yjp6pf8xx9i4jx6wlhk7jqbnm-goreleaser-2.4.8",
              "default": true
            }
          ],
          "store_path": "/nix/store/vy4pvf9yjp6pf8xx9i4jx6wlhk7jqbnm-goreleaser-2.4.8"
        },
        "x86_64-darwin": {
          "outputs": [
            {
              "name": "out",
              "path": "/nix/store/c3z8xsv47avq7g4wa3vmnn8la5yc9nnq-goreleaser-2.4.8",
              "default": true
            }
          ],
          "store_path": "/nix/store/c3z8xsv47avq7g4wa3vmnn8la5yc9nnq-goreleaser-2.4.8"
        },
        "x86_64-linux": {
          "outputs": [
            {
              "name": "out",
              "path": "/nix/store/35nadfml57a8bkkkxh7fqxnw3mknh6mr-goreleaser-2.4.8",
              "default": true
            }
          ],
          "store_path": "/nix/store/35nadfml57a8bkkkxh7fqxnw3mknh6mr-goreleaser-2.4.8"
        }
      }
    },
    "zig@0.10.1": {
      "last_modified": "2023-08-08T11:45:39Z",
      "resolved": "github:NixOS/nixpkgs/4e6868b1aa3766ab1de169922bb3826143941973#zig",
      "source": "devbox-search",
      "version": "0.10.1",
      "systems": {
        "aarch64-darwin": {
          "outputs": [
            {
              "name": "out",
              "path": "/nix/store/wdl373cbxsbsgkbrhcm8rsjxf1nyzda5-zig-0.10.1",
              "default": true
            },
            {
              "name": "doc",
              "path": "/nix/store/r4k7hjyrphdhasjvbzhcpxvhadla5k2h-zig-0.10.1-doc"
            }
          ],
          "store_path": "/nix/store/wdl373cbxsbsgkbrhcm8rsjxf1nyzda5-zig-0.10.1"
        },
        "aarch64-linux": {
          "outputs": [
            {
              "name": "out",
              "path": "/nix/store/kffa3f61affmlms4r8xmmrq7ksz7lx7k-zig-0.10.1",
              "default": true
            },
            {
              "name": "doc",
              "path": "/nix/store/j8xlyb0bbgzpq5p8h82x427linigzm71-zig-0.10.1-doc"
            }
          ],
          "store_path": "/nix/store/kffa3f61affmlms4r8xmmrq7ksz7lx7k-zig-0.10.1"
        },
        "x86_64-darwin": {
          "outputs": [
            {
              "name": "out",
              "path": "/nix/store/0a267lbl7hy45rlg5i9azxb3s5jggnkm-zig-0.10.1",
              "default": true
            },
            {
              "name": "doc",
              "path": "/nix/store/rbg8j9wjmsf35slljrfbmvjam9hkvzc5-zig-0.10.1-doc"
            }
          ],
          "store_path": "/nix/store/0a267lbl7hy45rlg5i9azxb3s5jggnkm-zig-0.10.1"
        },
        "x86_64-linux": {
          "outputs": [
            {
              "name": "out",
              "path": "/nix/store/rg6yk06fhxbnq9xm32v1ccfrdilwhx17-zig-0.10.1",
              "default": true
            },
            {
              "name": "doc",
              "path": "/nix/store/pi4c6mw4khdc7zval5nsy96z00akwbd0-zig-0.10.1-doc"
            }
          ],
          "store_path": "/nix/store/rg6yk06fhxbnq9xm32v1ccfrdilwhx17-zig-0.10.1"
        }
      }
    }
  }
}
