{
  "lockfile_version": "1",
  "packages": {
    "darwin.apple_sdk.frameworks.CoreFoundation": {
      "resolved": "github:NixOS/nixpkgs/75a52265bda7fd25e06e3a67dee3f0354e73243c#darwin.apple_sdk.frameworks.CoreFoundation",
      "source": "nixpkg"
    },
    "darwin.apple_sdk.frameworks.Security": {
      "resolved": "github:NixOS/nixpkgs/75a52265bda7fd25e06e3a67dee3f0354e73243c#darwin.apple_sdk.frameworks.Security",
      "source": "nixpkg"
    },
    "go-task@latest": {
      "last_modified": "2024-11-28T07:51:56Z",
      "resolved": "github:NixOS/nixpkgs/226216574ada4c3ecefcbbec41f39ce4655f78ef#go-task",
      "source": "devbox-search",
      "version": "3.40.0",
      "systems": {
        "aarch64-darwin": {
          "outputs": [
            {
              "name": "out",
              "path": "/nix/store/ynnx5bghcar86a89026rdysvpf51b2li-go-task-3.40.0",
              "default": true
            }
          ],
          "store_path": "/nix/store/ynnx5bghcar86a89026rdysvpf51b2li-go-task-3.40.0"
        },
        "aarch64-linux": {
          "outputs": [
            {
              "name": "out",
              "path": "/nix/store/2ga7yc7nn0k01n2w3wa6fjbp0i31r6d6-go-task-3.40.0",
              "default": true
            }
          ],
          "store_path": "/nix/store/2ga7yc7nn0k01n2w3wa6fjbp0i31r6d6-go-task-3.40.0"
        },
        "x86_64-darwin": {
          "outputs": [
            {
              "name": "out",
              "path": "/nix/store/sjq23fm01iki9idphwvp27yjzv7blr69-go-task-3.40.0",
              "default": true
            }
          ],
          "store_path": "/nix/store/sjq23fm01iki9idphwvp27yjzv7blr69-go-task-3.40.0"
        },
        "x86_64-linux": {
          "outputs": [
            {
              "name": "out",
              "path": "/nix/store/x5pbyv5p0yj3fl77j4bmgcj8s7jjcjwn-go-task-3.40.0",
              "default": true
            }
          ],
          "store_path": "/nix/store/x5pbyv5p0yj3fl77j4bmgcj8s7jjcjwn-go-task-3.40.0"
        }
      }
    },
    "go@1.23.3": {
      "last_modified": "2024-11-28T07:51:56Z",
      "resolved": "github:NixOS/nixpkgs/226216574ada4c3ecefcbbec41f39ce4655f78ef#go",
      "source": "devbox-search",
      "version": "1.23.3",
      "systems": {
        "aarch64-darwin": {
          "outputs": [
            {
              "name": "out",
              "path": "/nix/store/qrj2wp6vzfpjfrrlcmr22818zg83fb73-go-1.23.3",
              "default": true
            }
          ],
          "store_path": "/nix/store/qrj2wp6vzfpjfrrlcmr22818zg83fb73-go-1.23.3"
        },
        "aarch64-linux": {
          "outputs": [
            {
              "name": "out",
              "path": "/nix/store/dm66qyl19skrwcmk4rb9xcs64xc1d071-go-1.23.3",
              "default": true
            }
          ],
          "store_path": "/nix/store/dm66qyl19skrwcmk4rb9xcs64xc1d071-go-1.23.3"
        },
        "x86_64-darwin": {
          "outputs": [
            {
              "name": "out",
              "path": "/nix/store/vkjn6njpz4gy5ma763vh8hh93bgjwycr-go-1.23.3",
              "default": true
            }
          ],
          "store_path": "/nix/store/vkjn6njpz4gy5ma763vh8hh93bgjwycr-go-1.23.3"
        },
        "x86_64-linux": {
          "outputs": [
            {
              "name": "out",
              "path": "/nix/store/bavnchxi7v6xs077jxv7fl5rrqc3y87w-go-1.23.3",
              "default": true
            }
          ],
          "store_path": "/nix/store/bavnchxi7v6xs077jxv7fl5rrqc3y87w-go-1.23.3"
        }
      }
    },
    "gofumpt@latest": {
      "last_modified": "2024-11-28T07:51:56Z",
      "resolved": "github:NixOS/nixpkgs/226216574ada4c3ecefcbbec41f39ce4655f78ef#gofumpt",
      "source": "devbox-search",
      "version": "0.7.0",
      "systems": {
        "aarch64-darwin": {
          "outputs": [
            {
              "name": "out",
              "path": "/nix/store/an92njxi5j0wm5vdmx596w31lwb4swq0-gofumpt-0.7.0",
              "default": true
            }
          ],
          "store_path": "/nix/store/an92njxi5j0wm5vdmx596w31lwb4swq0-gofumpt-0.7.0"
        },
        "aarch64-linux": {
          "outputs": [
            {
              "name": "out",
              "path": "/nix/store/2q8pb1gq26r7ajgp8z636qfn75hfqqxv-gofumpt-0.7.0",
              "default": true
            }
          ],
          "store_path": "/nix/store/2q8pb1gq26r7ajgp8z636qfn75hfqqxv-gofumpt-0.7.0"
        },
        "x86_64-darwin": {
          "outputs": [
            {
              "name": "out",
              "path": "/nix/store/dn8g16y7drgbfy8ifwwjm0d3mqsmkam1-gofumpt-0.7.0",
              "default": true
            }
          ],
          "store_path": "/nix/store/dn8g16y7drgbfy8ifwwjm0d3mqsmkam1-gofumpt-0.7.0"
        },
        "x86_64-linux": {
          "outputs": [
            {
              "name": "out",
              "path": "/nix/store/pc2yyx3jfzmzqiwr705dbgi7dgj1xzdn-gofumpt-0.7.0",
              "default": true
            }
          ],
          "store_path": "/nix/store/pc2yyx3jfzmzqiwr705dbgi7dgj1xzdn-gofumpt-0.7.0"
        }
      }
    },
    "goimports@latest": {
      "last_modified": "2022-02-15T04:21:50Z",
      "resolved": "github:NixOS/nixpkgs/3a641defd170a4ef25ce8c7c64cb13f91f867fca#goimports",
      "source": "devbox-search",
      "version": "2021-01-13",
      "systems": {
        "aarch64-darwin": {
          "outputs": [
            {
              "name": "01-13",
              "path": "/nix/store/r1l1agwdg7l8ag9lmymcw1q5a4pak3vq-gotools-unstable-2021-01-13",
              "default": true
            }
          ]
        }
      }
    },
    "golangci-lint@1.62.2": {
      "last_modified": "2024-11-28T07:51:56Z",
      "resolved": "github:NixOS/nixpkgs/226216574ada4c3ecefcbbec41f39ce4655f78ef#golangci-lint",
      "source": "devbox-search",
      "version": "1.62.2",
      "systems": {
        "aarch64-darwin": {
          "outputs": [
            {
              "name": "out",
              "path": "/nix/store/yp07jnqgrbnvdibqz1m2i1fgj30vhd2b-golangci-lint-1.62.2",
              "default": true
            }
          ],
          "store_path": "/nix/store/yp07jnqgrbnvdibqz1m2i1fgj30vhd2b-golangci-lint-1.62.2"
        },
        "aarch64-linux": {
          "outputs": [
            {
              "name": "out",
              "path": "/nix/store/77qnd3ix2nrb8f5vppnv1pfd35h4vz04-golangci-lint-1.62.2",
              "default": true
            }
          ],
          "store_path": "/nix/store/77qnd3ix2nrb8f5vppnv1pfd35h4vz04-golangci-lint-1.62.2"
        },
        "x86_64-darwin": {
          "outputs": [
            {
              "name": "out",
              "path": "/nix/store/jprm9rxb82f25jh0vgyvzi6s9aw34dys-golangci-lint-1.62.2",
              "default": true
            }
          ],
          "store_path": "/nix/store/jprm9rxb82f25jh0vgyvzi6s9aw34dys-golangci-lint-1.62.2"
        },
        "x86_64-linux": {
          "outputs": [
            {
              "name": "out",
              "path": "/nix/store/gr55w2x6wrzdvhhbzm4wc28cs4k7g7vr-golangci-lint-1.62.2",
              "default": true
            }
          ],
          "store_path": "/nix/store/gr55w2x6wrzdvhhbzm4wc28cs4k7g7vr-golangci-lint-1.62.2"
        }
      }
    },
    "goreleaser@2.4.8": {
      "last_modified": "2024-11-28T07:51:56Z",
      "resolved": "github:NixOS/nixpkgs/226216574ada4c3ecefcbbec41f39ce4655f78ef#goreleaser",
      "source": "devbox-search",
      "version": "2.4.8",
      "systems": {
        "aarch64-darwin": {
          "outputs": [
            {
              "name": "out",
              "path": "/nix/store/l78j1gsjxa022wjncvf3cll4lq53z2jm-goreleaser-2.4.8",
              "default": true
            }
          ],
          "store_path": "/nix/store/l78j1gsjxa022wjncvf3cll4lq53z2jm-goreleaser-2.4.8"
        },
        "aarch64-linux": {
          "outputs": [
            {
              "name": "out",
              "path": "/nix/store/vy4pvf9yjp6pf8xx9i4jx6wlhk7jqbnm-goreleaser-2.4.8",
              "default": true
            }
          ],
          "store_path": "/nix/store/vy4pvf9yjp6pf8xx9i4jx6wlhk7jqbnm-goreleaser-2.4.8"
        },
        "x86_64-darwin": {
          "outputs": [
            {
              "name": "out",
              "path": "/nix/store/jrm9qvx853gw7mddnk2gwbj0kbn3ly6z-goreleaser-2.4.8",
              "default": true
            }
          ],
          "store_path": "/nix/store/jrm9qvx853gw7mddnk2gwbj0kbn3ly6z-goreleaser-2.4.8"
        },
        "x86_64-linux": {
          "outputs": [
            {
              "name": "out",
              "path": "/nix/store/35nadfml57a8bkkkxh7fqxnw3mknh6mr-goreleaser-2.4.8",
              "default": true
            }
          ],
          "store_path": "/nix/store/35nadfml57a8bkkkxh7fqxnw3mknh6mr-goreleaser-2.4.8"
        }
      }
    },
    "zig@0.10.1": {
      "last_modified": "2023-08-08T11:45:39Z",
      "resolved": "github:NixOS/nixpkgs/4e6868b1aa3766ab1de169922bb3826143941973#zig",
      "source": "devbox-search",
      "version": "0.10.1",
      "systems": {
        "aarch64-darwin": {
          "outputs": [
            {
              "name": "out",
              "path": "/nix/store/wdl373cbxsbsgkbrhcm8rsjxf1nyzda5-zig-0.10.1",
              "default": true
            },
            {
              "name": "doc",
              "path": "/nix/store/r4k7hjyrphdhasjvbzhcpxvhadla5k2h-zig-0.10.1-doc"
            }
          ],
          "store_path": "/nix/store/wdl373cbxsbsgkbrhcm8rsjxf1nyzda5-zig-0.10.1"
        },
        "aarch64-linux": {
          "outputs": [
            {
              "name": "out",
              "path": "/nix/store/kffa3f61affmlms4r8xmmrq7ksz7lx7k-zig-0.10.1",
              "default": true
            },
            {
              "name": "doc",
              "path": "/nix/store/j8xlyb0bbgzpq5p8h82x427linigzm71-zig-0.10.1-doc"
            }
          ],
          "store_path": "/nix/store/kffa3f61affmlms4r8xmmrq7ksz7lx7k-zig-0.10.1"
        },
        "x86_64-darwin": {
          "outputs": [
            {
              "name": "out",
              "path": "/nix/store/0a267lbl7hy45rlg5i9azxb3s5jggnkm-zig-0.10.1",
              "default": true
            },
            {
              "name": "doc",
              "path": "/nix/store/rbg8j9wjmsf35slljrfbmvjam9hkvzc5-zig-0.10.1-doc"
            }
          ],
          "store_path": "/nix/store/0a267lbl7hy45rlg5i9azxb3s5jggnkm-zig-0.10.1"
        },
        "x86_64-linux": {
          "outputs": [
            {
              "name": "out",
              "path": "/nix/store/rg6yk06fhxbnq9xm32v1ccfrdilwhx17-zig-0.10.1",
              "default": true
            },
            {
              "name": "doc",
              "path": "/nix/store/pi4c6mw4khdc7zval5nsy96z00akwbd0-zig-0.10.1-doc"
            }
          ],
          "store_path": "/nix/store/rg6yk06fhxbnq9xm32v1ccfrdilwhx17-zig-0.10.1"
        }
      }
    }
  }
}
