{
  "lockfile_version": "1",
  "packages": {
    "apple-sdk_15@15.2": {
      "last_modified": "2025-07-13T22:45:35Z",
      "resolved": "github:NixOS/nixpkgs/a421ac6595024edcfbb1ef950a3712b89161c359#apple-sdk_15",
      "source": "devbox-search",
      "version": "15.2",
      "systems": {
        "aarch64-darwin": {
          "outputs": [
            {
              "name": "out",
              "path": "/nix/store/dfzgc2vjvyb24csmb418ca486bwxib04-apple-sdk-15.2",
              "default": true
            }
          ],
          "store_path": "/nix/store/dfzgc2vjvyb24csmb418ca486bwxib04-apple-sdk-15.2"
        },
        "x86_64-darwin": {
          "outputs": [
            {
              "name": "out",
              "path": "/nix/store/2icsl2j0v5gwb9p3ay913wlzdmzhp9bf-apple-sdk-15.2",
              "default": true
            }
          ],
          "store_path": "/nix/store/2icsl2j0v5gwb9p3ay913wlzdmzhp9bf-apple-sdk-15.2"
        }
      }
    },
    "cobra-cli@1.3.0": {
      "last_modified": "2025-07-13T22:45:35Z",
      "resolved": "github:NixOS/nixpkgs/a421ac6595024edcfbb1ef950a3712b89161c359#cobra-cli",
      "source": "devbox-search",
      "version": "1.3.0",
      "systems": {
        "aarch64-darwin": {
          "outputs": [
            {
              "name": "out",
              "path": "/nix/store/sd8dirpal8s0449v0lc4gyvbx23483nh-cobra-cli-1.3.0",
              "default": true
            }
          ],
          "store_path": "/nix/store/sd8dirpal8s0449v0lc4gyvbx23483nh-cobra-cli-1.3.0"
        },
        "aarch64-linux": {
          "outputs": [
            {
              "name": "out",
              "path": "/nix/store/chf24vhjg6gr9svcrks0szfd07bibx7y-cobra-cli-1.3.0",
              "default": true
            }
          ],
          "store_path": "/nix/store/chf24vhjg6gr9svcrks0szfd07bibx7y-cobra-cli-1.3.0"
        },
        "x86_64-darwin": {
          "outputs": [
            {
              "name": "out",
              "path": "/nix/store/snw30ak986lkkqfj9n686i4s9f3898kl-cobra-cli-1.3.0",
              "default": true
            }
          ],
          "store_path": "/nix/store/snw30ak986lkkqfj9n686i4s9f3898kl-cobra-cli-1.3.0"
        },
        "x86_64-linux": {
          "outputs": [
            {
              "name": "out",
              "path": "/nix/store/v6pnhcw6w9bmymckz36pkcvy2fapggrl-cobra-cli-1.3.0",
              "default": true
            }
          ],
          "store_path": "/nix/store/v6pnhcw6w9bmymckz36pkcvy2fapggrl-cobra-cli-1.3.0"
        }
      }
    },
    "conform@0.1.0-alpha.29": {
      "last_modified": "2025-07-13T22:45:35Z",
      "resolved": "github:NixOS/nixpkgs/a421ac6595024edcfbb1ef950a3712b89161c359#conform",
      "source": "devbox-search",
      "version": "0.1.0-alpha.29",
      "systems": {
        "aarch64-darwin": {
          "outputs": [
            {
              "name": "out",
              "path": "/nix/store/1gq041gq42dvmpla3d8vxg01ldw46ys2-conform-0.1.0-alpha.29",
              "default": true
            }
          ],
          "store_path": "/nix/store/1gq041gq42dvmpla3d8vxg01ldw46ys2-conform-0.1.0-alpha.29"
        },
        "aarch64-linux": {
          "outputs": [
            {
              "name": "out",
              "path": "/nix/store/g343mm3rsgx6p3zh11c6hspsmhkia7ih-conform-0.1.0-alpha.29",
              "default": true
            }
          ],
          "store_path": "/nix/store/g343mm3rsgx6p3zh11c6hspsmhkia7ih-conform-0.1.0-alpha.29"
        },
        "x86_64-darwin": {
          "outputs": [
            {
              "name": "out",
              "path": "/nix/store/15qfzb5n600d94lbs238sfb1w5ddcqgr-conform-0.1.0-alpha.29",
              "default": true
            }
          ],
          "store_path": "/nix/store/15qfzb5n600d94lbs238sfb1w5ddcqgr-conform-0.1.0-alpha.29"
        },
        "x86_64-linux": {
          "outputs": [
            {
              "name": "out",
              "path": "/nix/store/z0qfrvqfhx8rr6qhijfcrqmw1rhli0n2-conform-0.1.0-alpha.29",
              "default": true
            }
          ],
          "store_path": "/nix/store/z0qfrvqfhx8rr6qhijfcrqmw1rhli0n2-conform-0.1.0-alpha.29"
        }
      }
    },
    "cosign@2.6.1": {
      "last_modified": "2025-10-07T08:41:47Z",
      "resolved": "github:NixOS/nixpkgs/bce5fe2bb998488d8e7e7856315f90496723793c#cosign",
      "source": "devbox-search",
      "version": "2.6.1",
      "systems": {
        "aarch64-darwin": {
          "outputs": [
            {
              "name": "out",
              "path": "/nix/store/3l1yiiqb6xp0dim0nq46nqr0abn396ja-cosign-2.6.1",
              "default": true
            }
          ],
          "store_path": "/nix/store/3l1yiiqb6xp0dim0nq46nqr0abn396ja-cosign-2.6.1"
        },
        "aarch64-linux": {
          "outputs": [
            {
              "name": "out",
              "path": "/nix/store/d46x1fj76zg1z1igpiik5nrzq1wwngdp-cosign-2.6.1",
              "default": true
            }
          ],
          "store_path": "/nix/store/d46x1fj76zg1z1igpiik5nrzq1wwngdp-cosign-2.6.1"
        },
        "x86_64-darwin": {
          "outputs": [
            {
              "name": "out",
              "path": "/nix/store/j63xi2k125q351s4iqda4a48z9ksblg1-cosign-2.6.1",
              "default": true
            }
          ],
          "store_path": "/nix/store/j63xi2k125q351s4iqda4a48z9ksblg1-cosign-2.6.1"
        },
        "x86_64-linux": {
          "outputs": [
            {
              "name": "out",
              "path": "/nix/store/3g531habxk3akfbjv83vd2gjhgpnaizh-cosign-2.6.1",
              "default": true
            }
          ],
          "store_path": "/nix/store/3g531habxk3akfbjv83vd2gjhgpnaizh-cosign-2.6.1"
        }
      }
    },
    "git@2.51.2": {
      "last_modified": "2025-11-15T07:28:48Z",
      "resolved": "github:NixOS/nixpkgs/1d4c88323ac36805d09657d13a5273aea1b34f0c#git",
      "source": "devbox-search",
      "version": "2.51.2",
      "systems": {
        "aarch64-darwin": {
          "outputs": [
            {
              "name": "out",
              "path": "/nix/store/k2vlwnvjcmnig77p65zipibvvim8rxq7-git-2.51.2",
              "default": true
            },
            {
              "name": "doc",
              "path": "/nix/store/6x44hx2f6g1y1viiaian2bvypb8djq39-git-2.51.2-doc"
            }
          ],
          "store_path": "/nix/store/k2vlwnvjcmnig77p65zipibvvim8rxq7-git-2.51.2"
        },
        "aarch64-linux": {
          "outputs": [
            {
              "name": "out",
              "path": "/nix/store/55j9qicj9fghz8yk3xsn2y9ab5mj4jdr-git-2.51.2",
              "default": true
            },
            {
              "name": "debug",
              "path": "/nix/store/vspa1pprrnj7xz3bhqayzih5mi7vhvvh-git-2.51.2-debug"
            },
            {
              "name": "doc",
              "path": "/nix/store/6zdv508cvrgfsnvvv5003ivsfcqngfvs-git-2.51.2-doc"
            }
          ],
          "store_path": "/nix/store/55j9qicj9fghz8yk3xsn2y9ab5mj4jdr-git-2.51.2"
        },
        "x86_64-darwin": {
          "outputs": [
            {
              "name": "out",
              "path": "/nix/store/sz4zzn7y6gal019wmqzxvcxc97wkgp9n-git-2.51.2",
              "default": true
            },
            {
              "name": "doc",
              "path": "/nix/store/np4lannd0w8jpagqw7mry4gklr903s2n-git-2.51.2-doc"
            }
          ],
          "store_path": "/nix/store/sz4zzn7y6gal019wmqzxvcxc97wkgp9n-git-2.51.2"
        },
        "x86_64-linux": {
          "outputs": [
            {
              "name": "out",
              "path": "/nix/store/q6jjgnyivwx7r4wynsi6g36k6srfy7mk-git-2.51.2",
              "default": true
            },
            {
              "name": "debug",
              "path": "/nix/store/f6zjr2bcd31qpvj4d4qsvqhfnnyc1kaz-git-2.51.2-debug"
            },
            {
              "name": "doc",
              "path": "/nix/store/9bir646idszbrn3j3wz98xq4m0kvzgrp-git-2.51.2-doc"
            }
          ],
          "store_path": "/nix/store/q6jjgnyivwx7r4wynsi6g36k6srfy7mk-git-2.51.2"
        }
      }
    },
    "github:NixOS/nixpkgs/nixpkgs-unstable": {
      "last_modified": "2025-07-25T08:26:56Z",
      "resolved": "github:NixOS/nixpkgs/6027c30c8e9810896b92429f0092f624f7b1aace?lastModified=1753432016&narHash=sha256-cnL5WWn%2FxkZoyH%2F03NNUS7QgW5vI7D1i74g48qplCvg%3D"
    },
    "go-task@3.45.4": {
      "last_modified": "2025-10-07T08:41:47Z",
      "resolved": "github:NixOS/nixpkgs/bce5fe2bb998488d8e7e7856315f90496723793c#go-task",
      "source": "devbox-search",
      "version": "3.45.4",
      "systems": {
        "aarch64-darwin": {
          "outputs": [
            {
              "name": "out",
              "path": "/nix/store/jpyzi7ph07mxn64vr684rn4sn81rmdbv-go-task-3.45.4",
              "default": true
            }
          ],
          "store_path": "/nix/store/jpyzi7ph07mxn64vr684rn4sn81rmdbv-go-task-3.45.4"
        },
        "aarch64-linux": {
          "outputs": [
            {
              "name": "out",
              "path": "/nix/store/bhkmm0w7wmgncwvn8gmbsn254n0r9app-go-task-3.45.4",
              "default": true
            }
          ],
          "store_path": "/nix/store/bhkmm0w7wmgncwvn8gmbsn254n0r9app-go-task-3.45.4"
        },
        "x86_64-darwin": {
          "outputs": [
            {
              "name": "out",
              "path": "/nix/store/pv4fd2995ys0dd4rvsqcn6cd2q2qi98s-go-task-3.45.4",
              "default": true
            }
          ],
          "store_path": "/nix/store/pv4fd2995ys0dd4rvsqcn6cd2q2qi98s-go-task-3.45.4"
        },
        "x86_64-linux": {
          "outputs": [
            {
              "name": "out",
              "path": "/nix/store/535z3a3p7hwdg4g3w4f4ssq44vnqsxqh-go-task-3.45.4",
              "default": true
            }
          ],
          "store_path": "/nix/store/535z3a3p7hwdg4g3w4f4ssq44vnqsxqh-go-task-3.45.4"
        }
      }
    },
    "go@1.25.3": {
      "last_modified": "2025-11-15T07:28:48Z",
      "resolved": "github:NixOS/nixpkgs/1d4c88323ac36805d09657d13a5273aea1b34f0c#go",
      "source": "devbox-search",
      "version": "1.25.3",
      "systems": {
        "aarch64-darwin": {
          "outputs": [
            {
              "name": "out",
              "path": "/nix/store/pkb0xf89mjr3j7b8lvz0vsm4c44vckyh-go-1.25.3",
              "default": true
            }
          ],
          "store_path": "/nix/store/pkb0xf89mjr3j7b8lvz0vsm4c44vckyh-go-1.25.3"
        },
        "aarch64-linux": {
          "outputs": [
            {
              "name": "out",
              "path": "/nix/store/ybh1p0f6sd3i7b66chf3gd8b1yy41p0c-go-1.25.3",
              "default": true
            }
          ],
          "store_path": "/nix/store/ybh1p0f6sd3i7b66chf3gd8b1yy41p0c-go-1.25.3"
        },
        "x86_64-darwin": {
          "outputs": [
            {
              "name": "out",
              "path": "/nix/store/w7nnzc7a6r1s3pg6lmiqwcsabrj17q08-go-1.25.3",
              "default": true
            }
          ],
          "store_path": "/nix/store/w7nnzc7a6r1s3pg6lmiqwcsabrj17q08-go-1.25.3"
        },
        "x86_64-linux": {
          "outputs": [
            {
              "name": "out",
              "path": "/nix/store/rq8lpjjzfymaznpsfvrymhqrvfg854ms-go-1.25.3",
              "default": true
            }
          ],
          "store_path": "/nix/store/rq8lpjjzfymaznpsfvrymhqrvfg854ms-go-1.25.3"
        }
      }
    },
    "golangci-lint@2.6.2": {
      "last_modified": "2025-11-15T07:28:48Z",
      "resolved": "github:NixOS/nixpkgs/1d4c88323ac36805d09657d13a5273aea1b34f0c#golangci-lint",
      "source": "devbox-search",
      "version": "2.6.2",
      "systems": {
        "aarch64-darwin": {
          "outputs": [
            {
              "name": "out",
              "path": "/nix/store/mgbxh2vpk63qjmp4cd8skkqhkvjw8sjy-golangci-lint-2.6.2",
              "default": true
            }
          ],
          "store_path": "/nix/store/mgbxh2vpk63qjmp4cd8skkqhkvjw8sjy-golangci-lint-2.6.2"
        },
        "aarch64-linux": {
          "outputs": [
            {
              "name": "out",
              "path": "/nix/store/4vhv78xyxqhkr2ighc3d5k3rj6zc7yq2-golangci-lint-2.6.2",
              "default": true
            }
          ],
          "store_path": "/nix/store/4vhv78xyxqhkr2ighc3d5k3rj6zc7yq2-golangci-lint-2.6.2"
        },
        "x86_64-darwin": {
          "outputs": [
            {
              "name": "out",
              "path": "/nix/store/zdxfpzyrbavvxkjb8v14jx9i4z4zip84-golangci-lint-2.6.2",
              "default": true
            }
          ],
          "store_path": "/nix/store/zdxfpzyrbavvxkjb8v14jx9i4z4zip84-golangci-lint-2.6.2"
        },
        "x86_64-linux": {
          "outputs": [
            {
              "name": "out",
              "path": "/nix/store/k6my6rh12qn2b7r5i5kmci9j34vrhvmc-golangci-lint-2.6.2",
              "default": true
            }
          ],
          "store_path": "/nix/store/k6my6rh12qn2b7r5i5kmci9j34vrhvmc-golangci-lint-2.6.2"
        }
      }
    },
    "goreleaser@2.12.7": {
      "last_modified": "2025-10-30T18:40:41Z",
      "resolved": "github:NixOS/nixpkgs/45ebaee5d90bab997812235564af4cf5107bde89#goreleaser",
      "source": "devbox-search",
      "version": "2.12.7",
      "systems": {
        "aarch64-darwin": {
          "outputs": [
            {
              "name": "out",
              "path": "/nix/store/72x7p82ja92wcvvv7kzllkwj6kwgs1zq-goreleaser-2.12.7",
              "default": true
            }
          ],
          "store_path": "/nix/store/72x7p82ja92wcvvv7kzllkwj6kwgs1zq-goreleaser-2.12.7"
        },
        "aarch64-linux": {
          "outputs": [
            {
              "name": "out",
              "path": "/nix/store/qpffa01cy69qy7mgl54qxr1lf1riabgq-goreleaser-2.12.7",
              "default": true
            }
          ],
          "store_path": "/nix/store/qpffa01cy69qy7mgl54qxr1lf1riabgq-goreleaser-2.12.7"
        },
        "x86_64-darwin": {
          "outputs": [
            {
              "name": "out",
              "path": "/nix/store/757bb562lyjvj595ik9b627vds9al4h5-goreleaser-2.12.7",
              "default": true
            }
          ],
          "store_path": "/nix/store/757bb562lyjvj595ik9b627vds9al4h5-goreleaser-2.12.7"
        },
        "x86_64-linux": {
          "outputs": [
            {
              "name": "out",
              "path": "/nix/store/kqsi4b1hq3vbrvgh1ff65bwpj7ryk3lr-goreleaser-2.12.7",
              "default": true
            }
          ],
          "store_path": "/nix/store/kqsi4b1hq3vbrvgh1ff65bwpj7ryk3lr-goreleaser-2.12.7"
        }
      }
    },
    "graphviz@12.2.1": {
      "last_modified": "2025-07-13T22:45:35Z",
      "resolved": "github:NixOS/nixpkgs/a421ac6595024edcfbb1ef950a3712b89161c359#graphviz",
      "source": "devbox-search",
      "version": "12.2.1",
      "systems": {
        "aarch64-darwin": {
          "outputs": [
            {
              "name": "out",
              "path": "/nix/store/mg2flkbknsp4imxzd58bs46xnghkyg7h-graphviz-12.2.1",
              "default": true
            }
          ],
          "store_path": "/nix/store/mg2flkbknsp4imxzd58bs46xnghkyg7h-graphviz-12.2.1"
        },
        "aarch64-linux": {
          "outputs": [
            {
              "name": "out",
              "path": "/nix/store/fr98rz4py3n8h0sb888gnzmsrwxap846-graphviz-12.2.1",
              "default": true
            }
          ],
          "store_path": "/nix/store/fr98rz4py3n8h0sb888gnzmsrwxap846-graphviz-12.2.1"
        },
        "x86_64-darwin": {
          "outputs": [
            {
              "name": "out",
              "path": "/nix/store/m75xfhcbvjjipzk5cpb34ixx1cyk2f91-graphviz-12.2.1",
              "default": true
            }
          ],
          "store_path": "/nix/store/m75xfhcbvjjipzk5cpb34ixx1cyk2f91-graphviz-12.2.1"
        },
        "x86_64-linux": {
          "outputs": [
            {
              "name": "out",
              "path": "/nix/store/cs43bz2bd867ll5yqr01cjf42h5ql53r-graphviz-12.2.1",
              "default": true
            }
          ],
          "store_path": "/nix/store/cs43bz2bd867ll5yqr01cjf42h5ql53r-graphviz-12.2.1"
        }
      }
    },
    "hyperfine@1.19": {
      "last_modified": "2025-07-13T22:45:35Z",
      "resolved": "github:NixOS/nixpkgs/a421ac6595024edcfbb1ef950a3712b89161c359#hyperfine",
      "source": "devbox-search",
      "version": "1.19.0",
      "systems": {
        "aarch64-darwin": {
          "outputs": [
            {
              "name": "out",
              "path": "/nix/store/hfb1s9nznw3m6wdncabas1vgvxylizl3-hyperfine-1.19.0",
              "default": true
            }
          ],
          "store_path": "/nix/store/hfb1s9nznw3m6wdncabas1vgvxylizl3-hyperfine-1.19.0"
        },
        "aarch64-linux": {
          "outputs": [
            {
              "name": "out",
              "path": "/nix/store/ns5ii5r863482gv3m8p0i1la12cj1nzf-hyperfine-1.19.0",
              "default": true
            }
          ],
          "store_path": "/nix/store/ns5ii5r863482gv3m8p0i1la12cj1nzf-hyperfine-1.19.0"
        },
        "x86_64-darwin": {
          "outputs": [
            {
              "name": "out",
              "path": "/nix/store/3rg473nwxslqcmmawqim5svmq7nf6w4n-hyperfine-1.19.0",
              "default": true
            }
          ],
          "store_path": "/nix/store/3rg473nwxslqcmmawqim5svmq7nf6w4n-hyperfine-1.19.0"
        },
        "x86_64-linux": {
          "outputs": [
            {
              "name": "out",
              "path": "/nix/store/xak46pd98lgj6sgv756knh7cbnrqp1lh-hyperfine-1.19.0",
              "default": true
            }
          ],
          "store_path": "/nix/store/xak46pd98lgj6sgv756knh7cbnrqp1lh-hyperfine-1.19.0"
        }
      }
    },
    "nodePackages.prettier@3.5.3": {
      "last_modified": "2025-05-21T18:43:04Z",
      "resolved": "github:NixOS/nixpkgs/8c441601c43232976179eac52dde704c8bdf81ed#nodePackages.prettier",
      "source": "devbox-search",
      "version": "3.5.3",
      "systems": {
        "aarch64-darwin": {
          "outputs": [
            {
              "name": "out",
              "path": "/nix/store/yspchsd3ww1ddz2r5783kw8y9j0vr3r8-prettier-3.5.3",
              "default": true
            }
          ],
          "store_path": "/nix/store/yspchsd3ww1ddz2r5783kw8y9j0vr3r8-prettier-3.5.3"
        },
        "aarch64-linux": {
          "outputs": [
            {
              "name": "out",
              "path": "/nix/store/ya3imag4wkxj3g5fws96rzyzv36m74w8-prettier-3.5.3",
              "default": true
            }
          ],
          "store_path": "/nix/store/ya3imag4wkxj3g5fws96rzyzv36m74w8-prettier-3.5.3"
        },
        "x86_64-darwin": {
          "outputs": [
            {
              "name": "out",
              "path": "/nix/store/f9q2y20qa56hjzxnia0q664m0rkwwqvm-prettier-3.5.3",
              "default": true
            }
          ],
          "store_path": "/nix/store/f9q2y20qa56hjzxnia0q664m0rkwwqvm-prettier-3.5.3"
        },
        "x86_64-linux": {
          "outputs": [
            {
              "name": "out",
              "path": "/nix/store/wry9vlk19pk7izrknb980icc8gihzllx-prettier-3.5.3",
              "default": true
            }
          ],
          "store_path": "/nix/store/wry9vlk19pk7izrknb980icc8gihzllx-prettier-3.5.3"
        }
      }
    },
    "syft@1.37.0": {
      "last_modified": "2025-11-12T10:38:40Z",
      "resolved": "github:NixOS/nixpkgs/91c9a64ce2a84e648d0cf9671274bb9c2fb9ba60#syft",
      "source": "devbox-search",
      "version": "1.37.0",
      "systems": {
        "aarch64-darwin": {
          "outputs": [
            {
              "name": "out",
              "path": "/nix/store/knv9r2v7qj167r7nq133hrpkjhmsb2xl-syft-1.37.0",
              "default": true
            }
          ],
          "store_path": "/nix/store/knv9r2v7qj167r7nq133hrpkjhmsb2xl-syft-1.37.0"
        },
        "aarch64-linux": {
          "outputs": [
            {
              "name": "out",
              "path": "/nix/store/8sr4ckx1nxjqyb3rnhh3gc0kkjp3mqxj-syft-1.37.0",
              "default": true
            }
          ],
          "store_path": "/nix/store/8sr4ckx1nxjqyb3rnhh3gc0kkjp3mqxj-syft-1.37.0"
        },
        "x86_64-darwin": {
          "outputs": [
            {
              "name": "out",
              "path": "/nix/store/y15ciypaa1whfgqn34mxha3y743xj0kn-syft-1.37.0",
              "default": true
            }
          ],
          "store_path": "/nix/store/y15ciypaa1whfgqn34mxha3y743xj0kn-syft-1.37.0"
        },
        "x86_64-linux": {
          "outputs": [
            {
              "name": "out",
              "path": "/nix/store/qvy4lm1f8y2750b9ll76ibixhvcivp5p-syft-1.37.0",
              "default": true
            }
          ],
          "store_path": "/nix/store/qvy4lm1f8y2750b9ll76ibixhvcivp5p-syft-1.37.0"
        }
      }
    },
    "zig@0.15.2": {
      "last_modified": "2025-10-22T20:59:19Z",
      "resolved": "github:NixOS/nixpkgs/01b6809f7f9d1183a2b3e081f0a1e6f8f415cb09#zig",
      "source": "devbox-search",
      "version": "0.15.2",
      "systems": {
        "aarch64-darwin": {
          "outputs": [
            {
              "name": "out",
              "path": "/nix/store/60r66ghylp151rz650srgf3f863sslrv-zig-0.15.2",
              "default": true
            },
            {
              "name": "doc",
              "path": "/nix/store/px4ykvnc1pmsmk9whalh7cgqj07kd0fa-zig-0.15.2-doc"
            }
          ],
          "store_path": "/nix/store/60r66ghylp151rz650srgf3f863sslrv-zig-0.15.2"
        },
        "aarch64-linux": {
          "outputs": [
            {
              "name": "out",
              "path": "/nix/store/6jjqcclq2zjgm2909qjj27d6ahzmazx4-zig-0.15.2",
              "default": true
            },
            {
              "name": "doc",
              "path": "/nix/store/gnfdxgddq4qhrkdl730km720ahwk55yd-zig-0.15.2-doc"
            }
          ],
          "store_path": "/nix/store/6jjqcclq2zjgm2909qjj27d6ahzmazx4-zig-0.15.2"
        },
        "x86_64-darwin": {
          "outputs": [
            {
              "name": "out",
              "path": "/nix/store/hagmgn365vzc3qz6vil1q5xb6d8p99s5-zig-0.15.2",
              "default": true
            },
            {
              "name": "doc",
              "path": "/nix/store/d42i7khdk0sy8l40s0fl92p8q2gj5arf-zig-0.15.2-doc"
            }
          ],
          "store_path": "/nix/store/hagmgn365vzc3qz6vil1q5xb6d8p99s5-zig-0.15.2"
        },
        "x86_64-linux": {
          "outputs": [
            {
              "name": "out",
              "path": "/nix/store/gppcnnfah4li6smqvysxv8axyc2zbb4n-zig-0.15.2",
              "default": true
            },
            {
              "name": "doc",
              "path": "/nix/store/rc9dmyxn1cxn8sdmnmwfybg2lldx4vq6-zig-0.15.2-doc"
            }
          ],
          "store_path": "/nix/store/gppcnnfah4li6smqvysxv8axyc2zbb4n-zig-0.15.2"
        }
      }
    },
    "zizmor@1.16.1": {
      "last_modified": "2025-11-02T15:04:35Z",
      "resolved": "github:NixOS/nixpkgs/a3e67ddfeb2e04ef6ae3fddc8aae678696b08714#zizmor",
      "source": "devbox-search",
      "version": "1.16.1",
      "systems": {
        "aarch64-darwin": {
          "outputs": [
            {
              "name": "out",
              "path": "/nix/store/j4ms6859kj3r24jr9jld4lfa10hw7hlq-zizmor-1.16.1",
              "default": true
            }
          ],
          "store_path": "/nix/store/j4ms6859kj3r24jr9jld4lfa10hw7hlq-zizmor-1.16.1"
        },
        "aarch64-linux": {
          "outputs": [
            {
              "name": "out",
              "path": "/nix/store/p11a9kc7zb9xq55bshcsm78fa386l673-zizmor-1.16.1",
              "default": true
            }
          ],
          "store_path": "/nix/store/p11a9kc7zb9xq55bshcsm78fa386l673-zizmor-1.16.1"
        },
        "x86_64-darwin": {
          "outputs": [
            {
              "name": "out",
              "path": "/nix/store/wlg5m4l0h3gq3kvw46cbiclch6rck93r-zizmor-1.16.1",
              "default": true
            }
          ],
          "store_path": "/nix/store/wlg5m4l0h3gq3kvw46cbiclch6rck93r-zizmor-1.16.1"
        },
        "x86_64-linux": {
          "outputs": [
            {
              "name": "out",
              "path": "/nix/store/hccb7c891xrgz9nxsrfwhc823bbrhav1-zizmor-1.16.1",
              "default": true
            }
          ],
          "store_path": "/nix/store/hccb7c891xrgz9nxsrfwhc823bbrhav1-zizmor-1.16.1"
        }
      }
    }
  }
}
